// !$*UTF8*$!
{
	archiveVersion = 1;
	classes = {
	};
	objectVersion = 50;
	objects = {

/* Begin PBXBuildFile section */
		EE250D2925627965000E5B03 /* AppDelegate.swift in Sources */ = {isa = PBXBuildFile; fileRef = EE250D2825627965000E5B03 /* AppDelegate.swift */; };
		EE250D2B25627965000E5B03 /* SceneDelegate.swift in Sources */ = {isa = PBXBuildFile; fileRef = EE250D2A25627965000E5B03 /* SceneDelegate.swift */; };
		EE250D2D25627965000E5B03 /* ViewController.swift in Sources */ = {isa = PBXBuildFile; fileRef = EE250D2C25627965000E5B03 /* ViewController.swift */; };
		EE250D3025627965000E5B03 /* Main.storyboard in Resources */ = {isa = PBXBuildFile; fileRef = EE250D2E25627965000E5B03 /* Main.storyboard */; };
		EE250D3225627966000E5B03 /* Assets.xcassets in Resources */ = {isa = PBXBuildFile; fileRef = EE250D3125627966000E5B03 /* Assets.xcassets */; };
		EE250D3525627966000E5B03 /* LaunchScreen.storyboard in Resources */ = {isa = PBXBuildFile; fileRef = EE250D3325627966000E5B03 /* LaunchScreen.storyboard */; };
		EE250D4025627967000E5B03 /* Swift_Bowling_Game_Kata_StarterTests.swift in Sources */ = {isa = PBXBuildFile; fileRef = EE250D3F25627967000E5B03 /* Swift_Bowling_Game_Kata_StarterTests.swift */; };
		EE250D5C25627979000E5B03 /* Game.swift in Sources */ = {isa = PBXBuildFile; fileRef = EE250D5B25627979000E5B03 /* Game.swift */; };
/* End PBXBuildFile section */

/* Begin PBXContainerItemProxy section */
		EE250D3C25627967000E5B03 /* PBXContainerItemProxy */ = {
			isa = PBXContainerItemProxy;
			containerPortal = EE250D1D25627965000E5B03 /* Project object */;
			proxyType = 1;
			remoteGlobalIDString = EE250D2425627965000E5B03;
			remoteInfo = "Swift-Bowling-Game-Kata-Starter";
		};
		EE250D4725627967000E5B03 /* PBXContainerItemProxy */ = {
			isa = PBXContainerItemProxy;
			containerPortal = EE250D1D25627965000E5B03 /* Project object */;
			proxyType = 1;
			remoteGlobalIDString = EE250D2425627965000E5B03;
			remoteInfo = "Swift-Bowling-Game-Kata-Starter";
		};
/* End PBXContainerItemProxy section */

/* Begin PBXFileReference section */
		EE250D2525627965000E5B03 /* Swift-Bowling-Game-Kata-Starter.app */ = {isa = PBXFileReference; explicitFileType = wrapper.application; includeInIndex = 0; path = "Swift-Bowling-Game-Kata-Starter.app"; sourceTree = BUILT_PRODUCTS_DIR; };
		EE250D2825627965000E5B03 /* AppDelegate.swift */ = {isa = PBXFileReference; lastKnownFileType = sourcecode.swift; path = AppDelegate.swift; sourceTree = "<group>"; };
		EE250D2A25627965000E5B03 /* SceneDelegate.swift */ = {isa = PBXFileReference; lastKnownFileType = sourcecode.swift; path = SceneDelegate.swift; sourceTree = "<group>"; };
		EE250D2C25627965000E5B03 /* ViewController.swift */ = {isa = PBXFileReference; lastKnownFileType = sourcecode.swift; path = ViewController.swift; sourceTree = "<group>"; };
		EE250D2F25627965000E5B03 /* Base */ = {isa = PBXFileReference; lastKnownFileType = file.storyboard; name = Base; path = Base.lproj/Main.storyboard; sourceTree = "<group>"; };
		EE250D3125627966000E5B03 /* Assets.xcassets */ = {isa = PBXFileReference; lastKnownFileType = folder.assetcatalog; path = Assets.xcassets; sourceTree = "<group>"; };
		EE250D3425627966000E5B03 /* Base */ = {isa = PBXFileReference; lastKnownFileType = file.storyboard; name = Base; path = Base.lproj/LaunchScreen.storyboard; sourceTree = "<group>"; };
		EE250D3625627966000E5B03 /* Info.plist */ = {isa = PBXFileReference; lastKnownFileType = text.plist.xml; path = Info.plist; sourceTree = "<group>"; };
		EE250D3B25627967000E5B03 /* Swift-Bowling-Game-Kata-StarterTests.xctest */ = {isa = PBXFileReference; explicitFileType = wrapper.cfbundle; includeInIndex = 0; path = "Swift-Bowling-Game-Kata-StarterTests.xctest"; sourceTree = BUILT_PRODUCTS_DIR; };
		EE250D3F25627967000E5B03 /* Swift_Bowling_Game_Kata_StarterTests.swift */ = {isa = PBXFileReference; lastKnownFileType = sourcecode.swift; path = Swift_Bowling_Game_Kata_StarterTests.swift; sourceTree = "<group>"; };
		EE250D4125627967000E5B03 /* Info.plist */ = {isa = PBXFileReference; lastKnownFileType = text.plist.xml; path = Info.plist; sourceTree = "<group>"; };
		EE250D4625627967000E5B03 /* Swift-Bowling-Game-Kata-StarterUITests.xctest */ = {isa = PBXFileReference; explicitFileType = wrapper.cfbundle; includeInIndex = 0; path = "Swift-Bowling-Game-Kata-StarterUITests.xctest"; sourceTree = BUILT_PRODUCTS_DIR; };
		EE250D5B25627979000E5B03 /* Game.swift */ = {isa = PBXFileReference; lastKnownFileType = sourcecode.swift; path = Game.swift; sourceTree = "<group>"; };
/* End PBXFileReference section */

/* Begin PBXFrameworksBuildPhase section */
		EE250D2225627965000E5B03 /* Frameworks */ = {
			isa = PBXFrameworksBuildPhase;
			buildActionMask = 2147483647;
			files = (
			);
			runOnlyForDeploymentPostprocessing = 0;
		};
		EE250D3825627967000E5B03 /* Frameworks */ = {
			isa = PBXFrameworksBuildPhase;
			buildActionMask = 2147483647;
			files = (
			);
			runOnlyForDeploymentPostprocessing = 0;
		};
		EE250D4325627967000E5B03 /* Frameworks */ = {
			isa = PBXFrameworksBuildPhase;
			buildActionMask = 2147483647;
			files = (
			);
			runOnlyForDeploymentPostprocessing = 0;
		};
/* End PBXFrameworksBuildPhase section */

/* Begin PBXGroup section */
		EE250D1C25627965000E5B03 = {
			isa = PBXGroup;
			children = (
				EE250D2725627965000E5B03 /* Swift-Bowling-Game-Kata-Starter */,
				EE250D3E25627967000E5B03 /* Swift-Bowling-Game-Kata-StarterTests */,
				EE250D2625627965000E5B03 /* Products */,
			);
			sourceTree = "<group>";
		};
		EE250D2625627965000E5B03 /* Products */ = {
			isa = PBXGroup;
			children = (
				EE250D2525627965000E5B03 /* Swift-Bowling-Game-Kata-Starter.app */,
				EE250D3B25627967000E5B03 /* Swift-Bowling-Game-Kata-StarterTests.xctest */,
				EE250D4625627967000E5B03 /* Swift-Bowling-Game-Kata-StarterUITests.xctest */,
			);
			name = Products;
			sourceTree = "<group>";
		};
		EE250D2725627965000E5B03 /* Swift-Bowling-Game-Kata-Starter */ = {
			isa = PBXGroup;
			children = (
				EE250D5B25627979000E5B03 /* Game.swift */,
				EE250D2825627965000E5B03 /* AppDelegate.swift */,
				EE250D2A25627965000E5B03 /* SceneDelegate.swift */,
				EE250D2C25627965000E5B03 /* ViewController.swift */,
				EE250D2E25627965000E5B03 /* Main.storyboard */,
				EE250D3125627966000E5B03 /* Assets.xcassets */,
				EE250D3325627966000E5B03 /* LaunchScreen.storyboard */,
				EE250D3625627966000E5B03 /* Info.plist */,
			);
			path = "Swift-Bowling-Game-Kata-Starter";
			sourceTree = "<group>";
		};
		EE250D3E25627967000E5B03 /* Swift-Bowling-Game-Kata-StarterTests */ = {
			isa = PBXGroup;
			children = (
				EE250D3F25627967000E5B03 /* Swift_Bowling_Game_Kata_StarterTests.swift */,
				EE250D4125627967000E5B03 /* Info.plist */,
			);
			path = "Swift-Bowling-Game-Kata-StarterTests";
			sourceTree = "<group>";
		};
/* End PBXGroup section */

/* Begin PBXNativeTarget section */
		EE250D2425627965000E5B03 /* Swift-Bowling-Game-Kata-Starter */ = {
			isa = PBXNativeTarget;
			buildConfigurationList = EE250D4F25627967000E5B03 /* Build configuration list for PBXNativeTarget "Swift-Bowling-Game-Kata-Starter" */;
			buildPhases = (
				EE250D2125627965000E5B03 /* Sources */,
				EE250D2225627965000E5B03 /* Frameworks */,
				EE250D2325627965000E5B03 /* Resources */,
			);
			buildRules = (
			);
			dependencies = (
			);
			name = "Swift-Bowling-Game-Kata-Starter";
			productName = "Swift-Bowling-Game-Kata-Starter";
			productReference = EE250D2525627965000E5B03 /* Swift-Bowling-Game-Kata-Starter.app */;
			productType = "com.apple.product-type.application";
		};
		EE250D3A25627967000E5B03 /* Swift-Bowling-Game-Kata-StarterTests */ = {
			isa = PBXNativeTarget;
			buildConfigurationList = EE250D5225627967000E5B03 /* Build configuration list for PBXNativeTarget "Swift-Bowling-Game-Kata-StarterTests" */;
			buildPhases = (
				EE250D3725627967000E5B03 /* Sources */,
				EE250D3825627967000E5B03 /* Frameworks */,
				EE250D3925627967000E5B03 /* Resources */,
			);
			buildRules = (
			);
			dependencies = (
				EE250D3D25627967000E5B03 /* PBXTargetDependency */,
			);
			name = "Swift-Bowling-Game-Kata-StarterTests";
			productName = "Swift-Bowling-Game-Kata-StarterTests";
			productReference = EE250D3B25627967000E5B03 /* Swift-Bowling-Game-Kata-StarterTests.xctest */;
			productType = "com.apple.product-type.bundle.unit-test";
		};
		EE250D4525627967000E5B03 /* Swift-Bowling-Game-Kata-StarterUITests */ = {
			isa = PBXNativeTarget;
			buildConfigurationList = EE250D5525627967000E5B03 /* Build configuration list for PBXNativeTarget "Swift-Bowling-Game-Kata-StarterUITests" */;
			buildPhases = (
				EE250D4225627967000E5B03 /* Sources */,
				EE250D4325627967000E5B03 /* Frameworks */,
				EE250D4425627967000E5B03 /* Resources */,
			);
			buildRules = (
			);
			dependencies = (
				EE250D4825627967000E5B03 /* PBXTargetDependency */,
			);
			name = "Swift-Bowling-Game-Kata-StarterUITests";
			productName = "Swift-Bowling-Game-Kata-StarterUITests";
			productReference = EE250D4625627967000E5B03 /* Swift-Bowling-Game-Kata-StarterUITests.xctest */;
			productType = "com.apple.product-type.bundle.ui-testing";
		};
/* End PBXNativeTarget section */

/* Begin PBXProject section */
		EE250D1D25627965000E5B03 /* Project object */ = {
			isa = PBXProject;
			attributes = {
				LastSwiftUpdateCheck = 1210;
				LastUpgradeCheck = 1210;
				TargetAttributes = {
					EE250D2425627965000E5B03 = {
						CreatedOnToolsVersion = 12.1;
					};
					EE250D3A25627967000E5B03 = {
						CreatedOnToolsVersion = 12.1;
						TestTargetID = EE250D2425627965000E5B03;
					};
					EE250D4525627967000E5B03 = {
						CreatedOnToolsVersion = 12.1;
						TestTargetID = EE250D2425627965000E5B03;
					};
				};
			};
			buildConfigurationList = EE250D2025627965000E5B03 /* Build configuration list for PBXProject "Swift-Bowling-Game-Kata-Starter" */;
			compatibilityVersion = "Xcode 9.3";
			developmentRegion = en;
			hasScannedForEncodings = 0;
			knownRegions = (
				en,
				Base,
			);
			mainGroup = EE250D1C25627965000E5B03;
			productRefGroup = EE250D2625627965000E5B03 /* Products */;
			projectDirPath = "";
			projectRoot = "";
			targets = (
				EE250D2425627965000E5B03 /* Swift-Bowling-Game-Kata-Starter */,
				EE250D3A25627967000E5B03 /* Swift-Bowling-Game-Kata-StarterTests */,
				EE250D4525627967000E5B03 /* Swift-Bowling-Game-Kata-StarterUITests */,
			);
		};
/* End PBXProject section */

/* Begin PBXResourcesBuildPhase section */
		EE250D2325627965000E5B03 /* Resources */ = {
			isa = PBXResourcesBuildPhase;
			buildActionMask = 2147483647;
			files = (
				EE250D3525627966000E5B03 /* LaunchScreen.storyboard in Resources */,
				EE250D3225627966000E5B03 /* Assets.xcassets in Resources */,
				EE250D3025627965000E5B03 /* Main.storyboard in Resources */,
			);
			runOnlyForDeploymentPostprocessing = 0;
		};
		EE250D3925627967000E5B03 /* Resources */ = {
			isa = PBXResourcesBuildPhase;
			buildActionMask = 2147483647;
			files = (
			);
			runOnlyForDeploymentPostprocessing = 0;
		};
		EE250D4425627967000E5B03 /* Resources */ = {
			isa = PBXResourcesBuildPhase;
			buildActionMask = 2147483647;
			files = (
			);
			runOnlyForDeploymentPostprocessing = 0;
		};
/* End PBXResourcesBuildPhase section */

/* Begin PBXSourcesBuildPhase section */
		EE250D2125627965000E5B03 /* Sources */ = {
			isa = PBXSourcesBuildPhase;
			buildActionMask = 2147483647;
			files = (
				EE250D2D25627965000E5B03 /* ViewController.swift in Sources */,
				EE250D2925627965000E5B03 /* AppDelegate.swift in Sources */,
				EE250D2B25627965000E5B03 /* SceneDelegate.swift in Sources */,
				EE250D5C25627979000E5B03 /* Game.swift in Sources */,
			);
			runOnlyForDeploymentPostprocessing = 0;
		};
		EE250D3725627967000E5B03 /* Sources */ = {
			isa = PBXSourcesBuildPhase;
			buildActionMask = 2147483647;
			files = (
				EE250D4025627967000E5B03 /* Swift_Bowling_Game_Kata_StarterTests.swift in Sources */,
			);
			runOnlyForDeploymentPostprocessing = 0;
		};
		EE250D4225627967000E5B03 /* Sources */ = {
			isa = PBXSourcesBuildPhase;
			buildActionMask = 2147483647;
			files = (
			);
			runOnlyForDeploymentPostprocessing = 0;
		};
/* End PBXSourcesBuildPhase section */

/* Begin PBXTargetDependency section */
		EE250D3D25627967000E5B03 /* PBXTargetDependency */ = {
			isa = PBXTargetDependency;
			target = EE250D2425627965000E5B03 /* Swift-Bowling-Game-Kata-Starter */;
			targetProxy = EE250D3C25627967000E5B03 /* PBXContainerItemProxy */;
		};
		EE250D4825627967000E5B03 /* PBXTargetDependency */ = {
			isa = PBXTargetDependency;
			target = EE250D2425627965000E5B03 /* Swift-Bowling-Game-Kata-Starter */;
			targetProxy = EE250D4725627967000E5B03 /* PBXContainerItemProxy */;
		};
/* End PBXTargetDependency section */

/* Begin PBXVariantGroup section */
		EE250D2E25627965000E5B03 /* Main.storyboard */ = {
			isa = PBXVariantGroup;
			children = (
				EE250D2F25627965000E5B03 /* Base */,
			);
			name = Main.storyboard;
			sourceTree = "<group>";
		};
		EE250D3325627966000E5B03 /* LaunchScreen.storyboard */ = {
			isa = PBXVariantGroup;
			children = (
				EE250D3425627966000E5B03 /* Base */,
			);
			name = LaunchScreen.storyboard;
			sourceTree = "<group>";
		};
/* End PBXVariantGroup section */

/* Begin XCBuildConfiguration section */
		EE250D4D25627967000E5B03 /* Debug */ = {
			isa = XCBuildConfiguration;
			buildSettings = {
				ALWAYS_SEARCH_USER_PATHS = NO;
				CLANG_ANALYZER_NONNULL = YES;
				CLANG_ANALYZER_NUMBER_OBJECT_CONVERSION = YES_AGGRESSIVE;
				CLANG_CXX_LANGUAGE_STANDARD = "gnu++14";
				CLANG_CXX_LIBRARY = "libc++";
				CLANG_ENABLE_MODULES = YES;
				CLANG_ENABLE_OBJC_ARC = YES;
				CLANG_ENABLE_OBJC_WEAK = YES;
				CLANG_WARN_BLOCK_CAPTURE_AUTORELEASING = YES;
				CLANG_WARN_BOOL_CONVERSION = YES;
				CLANG_WARN_COMMA = YES;
				CLANG_WARN_CONSTANT_CONVERSION = YES;
				CLANG_WARN_DEPRECATED_OBJC_IMPLEMENTATIONS = YES;
				CLANG_WARN_DIRECT_OBJC_ISA_USAGE = YES_ERROR;
				CLANG_WARN_DOCUMENTATION_COMMENTS = YES;
				CLANG_WARN_EMPTY_BODY = YES;
				CLANG_WARN_ENUM_CONVERSION = YES;
				CLANG_WARN_INFINITE_RECURSION = YES;
				CLANG_WARN_INT_CONVERSION = YES;
				CLANG_WARN_NON_LITERAL_NULL_CONVERSION = YES;
				CLANG_WARN_OBJC_IMPLICIT_RETAIN_SELF = YES;
				CLANG_WARN_OBJC_LITERAL_CONVERSION = YES;
				CLANG_WARN_OBJC_ROOT_CLASS = YES_ERROR;
				CLANG_WARN_QUOTED_INCLUDE_IN_FRAMEWORK_HEADER = YES;
				CLANG_WARN_RANGE_LOOP_ANALYSIS = YES;
				CLANG_WARN_STRICT_PROTOTYPES = YES;
				CLANG_WARN_SUSPICIOUS_MOVE = YES;
				CLANG_WARN_UNGUARDED_AVAILABILITY = YES_AGGRESSIVE;
				CLANG_WARN_UNREACHABLE_CODE = YES;
				CLANG_WARN__DUPLICATE_METHOD_MATCH = YES;
				COPY_PHASE_STRIP = NO;
				DEBUG_INFORMATION_FORMAT = dwarf;
				ENABLE_STRICT_OBJC_MSGSEND = YES;
				ENABLE_TESTABILITY = YES;
				GCC_C_LANGUAGE_STANDARD = gnu11;
				GCC_DYNAMIC_NO_PIC = NO;
				GCC_NO_COMMON_BLOCKS = YES;
				GCC_OPTIMIZATION_LEVEL = 0;
				GCC_PREPROCESSOR_DEFINITIONS = (
					"DEBUG=1",
					"$(inherited)",
				);
				GCC_WARN_64_TO_32_BIT_CONVERSION = YES;
				GCC_WARN_ABOUT_RETURN_TYPE = YES_ERROR;
				GCC_WARN_UNDECLARED_SELECTOR = YES;
				GCC_WARN_UNINITIALIZED_AUTOS = YES_AGGRESSIVE;
				GCC_WARN_UNUSED_FUNCTION = YES;
				GCC_WARN_UNUSED_VARIABLE = YES;
				IPHONEOS_DEPLOYMENT_TARGET = 14.1;
				MTL_ENABLE_DEBUG_INFO = INCLUDE_SOURCE;
				MTL_FAST_MATH = YES;
				ONLY_ACTIVE_ARCH = YES;
				SDKROOT = iphoneos;
				SWIFT_ACTIVE_COMPILATION_CONDITIONS = DEBUG;
				SWIFT_OPTIMIZATION_LEVEL = "-Onone";
			};
			name = Debug;
		};
		EE250D4E25627967000E5B03 /* Release */ = {
			isa = XCBuildConfiguration;
			buildSettings = {
				ALWAYS_SEARCH_USER_PATHS = NO;
				CLANG_ANALYZER_NONNULL = YES;
				CLANG_ANALYZER_NUMBER_OBJECT_CONVERSION = YES_AGGRESSIVE;
				CLANG_CXX_LANGUAGE_STANDARD = "gnu++14";
				CLANG_CXX_LIBRARY = "libc++";
				CLANG_ENABLE_MODULES = YES;
				CLANG_ENABLE_OBJC_ARC = YES;
				CLANG_ENABLE_OBJC_WEAK = YES;
				CLANG_WARN_BLOCK_CAPTURE_AUTORELEASING = YES;
				CLANG_WARN_BOOL_CONVERSION = YES;
				CLANG_WARN_COMMA = YES;
				CLANG_WARN_CONSTANT_CONVERSION = YES;
				CLANG_WARN_DEPRECATED_OBJC_IMPLEMENTATIONS = YES;
				CLANG_WARN_DIRECT_OBJC_ISA_USAGE = YES_ERROR;
				CLANG_WARN_DOCUMENTATION_COMMENTS = YES;
				CLANG_WARN_EMPTY_BODY = YES;
				CLANG_WARN_ENUM_CONVERSION = YES;
				CLANG_WARN_INFINITE_RECURSION = YES;
				CLANG_WARN_INT_CONVERSION = YES;
				CLANG_WARN_NON_LITERAL_NULL_CONVERSION = YES;
				CLANG_WARN_OBJC_IMPLICIT_RETAIN_SELF = YES;
				CLANG_WARN_OBJC_LITERAL_CONVERSION = YES;
				CLANG_WARN_OBJC_ROOT_CLASS = YES_ERROR;
				CLANG_WARN_QUOTED_INCLUDE_IN_FRAMEWORK_HEADER = YES;
				CLANG_WARN_RANGE_LOOP_ANALYSIS = YES;
				CLANG_WARN_STRICT_PROTOTYPES = YES;
				CLANG_WARN_SUSPICIOUS_MOVE = YES;
				CLANG_WARN_UNGUARDED_AVAILABILITY = YES_AGGRESSIVE;
				CLANG_WARN_UNREACHABLE_CODE = YES;
				CLANG_WARN__DUPLICATE_METHOD_MATCH = YES;
				COPY_PHASE_STRIP = NO;
				DEBUG_INFORMATION_FORMAT = "dwarf-with-dsym";
				ENABLE_NS_ASSERTIONS = NO;
				ENABLE_STRICT_OBJC_MSGSEND = YES;
				GCC_C_LANGUAGE_STANDARD = gnu11;
				GCC_NO_COMMON_BLOCKS = YES;
				GCC_WARN_64_TO_32_BIT_CONVERSION = YES;
				GCC_WARN_ABOUT_RETURN_TYPE = YES_ERROR;
				GCC_WARN_UNDECLARED_SELECTOR = YES;
				GCC_WARN_UNINITIALIZED_AUTOS = YES_AGGRESSIVE;
				GCC_WARN_UNUSED_FUNCTION = YES;
				GCC_WARN_UNUSED_VARIABLE = YES;
				IPHONEOS_DEPLOYMENT_TARGET = 14.1;
				MTL_ENABLE_DEBUG_INFO = NO;
				MTL_FAST_MATH = YES;
				SDKROOT = iphoneos;
				SWIFT_COMPILATION_MODE = wholemodule;
				SWIFT_OPTIMIZATION_LEVEL = "-O";
				VALIDATE_PRODUCT = YES;
			};
			name = Release;
		};
		EE250D5025627967000E5B03 /* Debug */ = {
			isa = XCBuildConfiguration;
			buildSettings = {
				ASSETCATALOG_COMPILER_APPICON_NAME = AppIcon;
				ASSETCATALOG_COMPILER_GLOBAL_ACCENT_COLOR_NAME = AccentColor;
				CODE_SIGN_STYLE = Automatic;
				INFOPLIST_FILE = "Swift-Bowling-Game-Kata-Starter/Info.plist";
				LD_RUNPATH_SEARCH_PATHS = (
					"$(inherited)",
					"@executable_path/Frameworks",
				);
				PRODUCT_BUNDLE_IDENTIFIER = "com.Swift-Bowling-Game-Kata-Starter";
				PRODUCT_NAME = "$(TARGET_NAME)";
				SWIFT_VERSION = 5.0;
				TARGETED_DEVICE_FAMILY = "1,2";
			};
			name = Debug;
		};
		EE250D5125627967000E5B03 /* Release */ = {
			isa = XCBuildConfiguration;
			buildSettings = {
				ASSETCATALOG_COMPILER_APPICON_NAME = AppIcon;
				ASSETCATALOG_COMPILER_GLOBAL_ACCENT_COLOR_NAME = AccentColor;
				CODE_SIGN_STYLE = Automatic;
				INFOPLIST_FILE = "Swift-Bowling-Game-Kata-Starter/Info.plist";
				LD_RUNPATH_SEARCH_PATHS = (
					"$(inherited)",
					"@executable_path/Frameworks",
				);
				PRODUCT_BUNDLE_IDENTIFIER = "com.Swift-Bowling-Game-Kata-Starter";
				PRODUCT_NAME = "$(TARGET_NAME)";
				SWIFT_VERSION = 5.0;
				TARGETED_DEVICE_FAMILY = "1,2";
			};
			name = Release;
		};
		EE250D5325627967000E5B03 /* Debug */ = {
			isa = XCBuildConfiguration;
			buildSettings = {
				ALWAYS_EMBED_SWIFT_STANDARD_LIBRARIES = YES;
				BUNDLE_LOADER = "$(TEST_HOST)";
				CODE_SIGN_STYLE = Automatic;
				INFOPLIST_FILE = "Swift-Bowling-Game-Kata-StarterTests/Info.plist";
				IPHONEOS_DEPLOYMENT_TARGET = 14.1;
				LD_RUNPATH_SEARCH_PATHS = (
					"$(inherited)",
					"@executable_path/Frameworks",
					"@loader_path/Frameworks",
				);
				PRODUCT_BUNDLE_IDENTIFIER = "com.Swift-Bowling-Game-Kata-StarterTests";
				PRODUCT_NAME = "$(TARGET_NAME)";
				SWIFT_VERSION = 5.0;
				TARGETED_DEVICE_FAMILY = "1,2";
				TEST_HOST = "$(BUILT_PRODUCTS_DIR)/Swift-Bowling-Game-Kata-Starter.app/Swift-Bowling-Game-Kata-Starter";
			};
			name = Debug;
		};
		EE250D5425627967000E5B03 /* Release */ = {
			isa = XCBuildConfiguration;
			buildSettings = {
				ALWAYS_EMBED_SWIFT_STANDARD_LIBRARIES = YES;
				BUNDLE_LOADER = "$(TEST_HOST)";
				CODE_SIGN_STYLE = Automatic;
				INFOPLIST_FILE = "Swift-Bowling-Game-Kata-StarterTests/Info.plist";
				IPHONEOS_DEPLOYMENT_TARGET = 14.1;
				LD_RUNPATH_SEARCH_PATHS = (
					"$(inherited)",
					"@executable_path/Frameworks",
					"@loader_path/Frameworks",
				);
				PRODUCT_BUNDLE_IDENTIFIER = "com.Swift-Bowling-Game-Kata-StarterTests";
				PRODUCT_NAME = "$(TARGET_NAME)";
				SWIFT_VERSION = 5.0;
				TARGETED_DEVICE_FAMILY = "1,2";
				TEST_HOST = "$(BUILT_PRODUCTS_DIR)/Swift-Bowling-Game-Kata-Starter.app/Swift-Bowling-Game-Kata-Starter";
			};
			name = Release;
		};
		EE250D5625627967000E5B03 /* Debug */ = {
			isa = XCBuildConfiguration;
			buildSettings = {
				ALWAYS_EMBED_SWIFT_STANDARD_LIBRARIES = YES;
				CODE_SIGN_STYLE = Automatic;
				INFOPLIST_FILE = "Swift-Bowling-Game-Kata-StarterUITests/Info.plist";
				LD_RUNPATH_SEARCH_PATHS = (
					"$(inherited)",
					"@executable_path/Frameworks",
					"@loader_path/Frameworks",
				);
				PRODUCT_BUNDLE_IDENTIFIER = "com.Swift-Bowling-Game-Kata-StarterUITests";
				PRODUCT_NAME = "$(TARGET_NAME)";
				SWIFT_VERSION = 5.0;
				TARGETED_DEVICE_FAMILY = "1,2";
				TEST_TARGET_NAME = "Swift-Bowling-Game-Kata-Starter";
			};
			name = Debug;
		};
		EE250D5725627967000E5B03 /* Release */ = {
			isa = XCBuildConfiguration;
			buildSettings = {
				ALWAYS_EMBED_SWIFT_STANDARD_LIBRARIES = YES;
				CODE_SIGN_STYLE = Automatic;
				INFOPLIST_FILE = "Swift-Bowling-Game-Kata-StarterUITests/Info.plist";
				LD_RUNPATH_SEARCH_PATHS = (
					"$(inherited)",
					"@executable_path/Frameworks",
					"@loader_path/Frameworks",
				);
				PRODUCT_BUNDLE_IDENTIFIER = "com.Swift-Bowling-Game-Kata-StarterUITests";
				PRODUCT_NAME = "$(TARGET_NAME)";
				SWIFT_VERSION = 5.0;
				TARGETED_DEVICE_FAMILY = "1,2";
				TEST_TARGET_NAME = "Swift-Bowling-Game-Kata-Starter";
			};
			name = Release;
		};
/* End XCBuildConfiguration section */

/* Begin XCConfigurationList section */
		EE250D2025627965000E5B03 /* Build configuration list for PBXProject "Swift-Bowling-Game-Kata-Starter" */ = {
			isa = XCConfigurationList;
			buildConfigurations = (
				EE250D4D25627967000E5B03 /* Debug */,
				EE250D4E25627967000E5B03 /* Release */,
			);
			defaultConfigurationIsVisible = 0;
			defaultConfigurationName = Release;
		};
		EE250D4F25627967000E5B03 /* Build configuration list for PBXNativeTarget "Swift-Bowling-Game-Kata-Starter" */ = {
			isa = XCConfigurationList;
			buildConfigurations = (
				EE250D5025627967000E5B03 /* Debug */,
				EE250D5125627967000E5B03 /* Release */,
			);
			defaultConfigurationIsVisible = 0;
			defaultConfigurationName = Release;
		};
		EE250D5225627967000E5B03 /* Build configuration list for PBXNativeTarget "Swift-Bowling-Game-Kata-StarterTests" */ = {
			isa = XCConfigurationList;
			buildConfigurations = (
				EE250D5325627967000E5B03 /* Debug */,
				EE250D5425627967000E5B03 /* Release */,
			);
			defaultConfigurationIsVisible = 0;
			defaultConfigurationName = Release;
		};
		EE250D5525627967000E5B03 /* Build configuration list for PBXNativeTarget "Swift-Bowling-Game-Kata-StarterUITests" */ = {
			isa = XCConfigurationList;
			buildConfigurations = (
				EE250D5625627967000E5B03 /* Debug */,
				EE250D5725627967000E5B03 /* Release */,
			);
			defaultConfigurationIsVisible = 0;
			defaultConfigurationName = Release;
		};
/* End XCConfigurationList section */
	};
	rootObject = EE250D1D25627965000E5B03 /* Project object */;
}
